// !$*UTF8*$!
{
	archiveVersion = 1;
	classes = {
	};
	objectVersion = 56;
	objects = {

/* Begin PBXBuildFile section */
		1CD9D93BF85FB0BAADA7C7EB /* Pods_Todoey.framework in Frameworks */ = {isa = PBXBuildFile; fileRef = 7F555B89ACE3B33563798DD7 /* Pods_Todoey.framework */; };
		3B25C5348CDBC9016AB42E3E /* Pods_TodoeyTests.framework in Frameworks */ = {isa = PBXBuildFile; fileRef = 03AD75674D91D005AAE43696 /* Pods_TodoeyTests.framework */; };
		8217C9AA6E72A9CAC30A8613 /* Pods_Todoey_TodoeyUITests.framework in Frameworks */ = {isa = PBXBuildFile; fileRef = 8774423C444AFD43855B2808 /* Pods_Todoey_TodoeyUITests.framework */; };
		CE65BC2F291B692600541DC5 /* AppDelegate.swift in Sources */ = {isa = PBXBuildFile; fileRef = CE65BC2E291B692600541DC5 /* AppDelegate.swift */; };
		CE65BC31291B692600541DC5 /* SceneDelegate.swift in Sources */ = {isa = PBXBuildFile; fileRef = CE65BC30291B692600541DC5 /* SceneDelegate.swift */; };
		CE65BC33291B692600541DC5 /* TodoListViewController.swift in Sources */ = {isa = PBXBuildFile; fileRef = CE65BC32291B692600541DC5 /* TodoListViewController.swift */; };
		CE65BC36291B692600541DC5 /* Main.storyboard in Resources */ = {isa = PBXBuildFile; fileRef = CE65BC34291B692600541DC5 /* Main.storyboard */; };
		CE65BC38291B692700541DC5 /* Assets.xcassets in Resources */ = {isa = PBXBuildFile; fileRef = CE65BC37291B692700541DC5 /* Assets.xcassets */; };
		CE65BC3B291B692700541DC5 /* LaunchScreen.storyboard in Resources */ = {isa = PBXBuildFile; fileRef = CE65BC39291B692700541DC5 /* LaunchScreen.storyboard */; };
		CE65BC46291B692700541DC5 /* TodoeyTests.swift in Sources */ = {isa = PBXBuildFile; fileRef = CE65BC45291B692700541DC5 /* TodoeyTests.swift */; };
		CE65BC50291B692700541DC5 /* TodoeyUITests.swift in Sources */ = {isa = PBXBuildFile; fileRef = CE65BC4F291B692700541DC5 /* TodoeyUITests.swift */; };
		CE65BC52291B692700541DC5 /* TodoeyUITestsLaunchTests.swift in Sources */ = {isa = PBXBuildFile; fileRef = CE65BC51291B692700541DC5 /* TodoeyUITestsLaunchTests.swift */; };
		CE7FAE9D292B7B500097CBAF /* Item.swift in Sources */ = {isa = PBXBuildFile; fileRef = CE7FAE9C292B7B500097CBAF /* Item.swift */; };
		CE7FAE9F292B7B750097CBAF /* Category.swift in Sources */ = {isa = PBXBuildFile; fileRef = CE7FAE9E292B7B750097CBAF /* Category.swift */; };
		CE7FAEA1292CDCA10097CBAF /* SwipeTableViewController.swift in Sources */ = {isa = PBXBuildFile; fileRef = CE7FAEA0292CDCA10097CBAF /* SwipeTableViewController.swift */; };
		CEBC2ADF2927724C00313339 /* CategoryViewController.swift in Sources */ = {isa = PBXBuildFile; fileRef = CEBC2ADE2927724C00313339 /* CategoryViewController.swift */; };
/* End PBXBuildFile section */

/* Begin PBXContainerItemProxy section */
		CE65BC42291B692700541DC5 /* PBXContainerItemProxy */ = {
			isa = PBXContainerItemProxy;
			containerPortal = CE65BC23291B692600541DC5 /* Project object */;
			proxyType = 1;
			remoteGlobalIDString = CE65BC2A291B692600541DC5;
			remoteInfo = Todoey;
		};
		CE65BC4C291B692700541DC5 /* PBXContainerItemProxy */ = {
			isa = PBXContainerItemProxy;
			containerPortal = CE65BC23291B692600541DC5 /* Project object */;
			proxyType = 1;
			remoteGlobalIDString = CE65BC2A291B692600541DC5;
			remoteInfo = Todoey;
		};
/* End PBXContainerItemProxy section */

/* Begin PBXFileReference section */
		0109F652B40A6633299652E6 /* Pods-Todoey.debug.xcconfig */ = {isa = PBXFileReference; includeInIndex = 1; lastKnownFileType = text.xcconfig; name = "Pods-Todoey.debug.xcconfig"; path = "Target Support Files/Pods-Todoey/Pods-Todoey.debug.xcconfig"; sourceTree = "<group>"; };
		034924E23A56395E6B06E7F5 /* Pods-TodoeyTests.debug.xcconfig */ = {isa = PBXFileReference; includeInIndex = 1; lastKnownFileType = text.xcconfig; name = "Pods-TodoeyTests.debug.xcconfig"; path = "Target Support Files/Pods-TodoeyTests/Pods-TodoeyTests.debug.xcconfig"; sourceTree = "<group>"; };
		03AD75674D91D005AAE43696 /* Pods_TodoeyTests.framework */ = {isa = PBXFileReference; explicitFileType = wrapper.framework; includeInIndex = 0; path = Pods_TodoeyTests.framework; sourceTree = BUILT_PRODUCTS_DIR; };
		3ACA53072783479CC8C8C0AC /* Pods-Todoey.release.xcconfig */ = {isa = PBXFileReference; includeInIndex = 1; lastKnownFileType = text.xcconfig; name = "Pods-Todoey.release.xcconfig"; path = "Target Support Files/Pods-Todoey/Pods-Todoey.release.xcconfig"; sourceTree = "<group>"; };
		5B80310A0048C1A03A3C8C2F /* Pods-Todoey-TodoeyUITests.debug.xcconfig */ = {isa = PBXFileReference; includeInIndex = 1; lastKnownFileType = text.xcconfig; name = "Pods-Todoey-TodoeyUITests.debug.xcconfig"; path = "Target Support Files/Pods-Todoey-TodoeyUITests/Pods-Todoey-TodoeyUITests.debug.xcconfig"; sourceTree = "<group>"; };
		7F555B89ACE3B33563798DD7 /* Pods_Todoey.framework */ = {isa = PBXFileReference; explicitFileType = wrapper.framework; includeInIndex = 0; path = Pods_Todoey.framework; sourceTree = BUILT_PRODUCTS_DIR; };
		8774423C444AFD43855B2808 /* Pods_Todoey_TodoeyUITests.framework */ = {isa = PBXFileReference; explicitFileType = wrapper.framework; includeInIndex = 0; path = Pods_Todoey_TodoeyUITests.framework; sourceTree = BUILT_PRODUCTS_DIR; };
		A32542E8EAC753383244555E /* Pods-Todoey-TodoeyUITests.release.xcconfig */ = {isa = PBXFileReference; includeInIndex = 1; lastKnownFileType = text.xcconfig; name = "Pods-Todoey-TodoeyUITests.release.xcconfig"; path = "Target Support Files/Pods-Todoey-TodoeyUITests/Pods-Todoey-TodoeyUITests.release.xcconfig"; sourceTree = "<group>"; };
		AADC978DAA3A4DBBC0433F92 /* Pods-TodoeyTests.release.xcconfig */ = {isa = PBXFileReference; includeInIndex = 1; lastKnownFileType = text.xcconfig; name = "Pods-TodoeyTests.release.xcconfig"; path = "Target Support Files/Pods-TodoeyTests/Pods-TodoeyTests.release.xcconfig"; sourceTree = "<group>"; };
		CE65BC2B291B692600541DC5 /* Todoey.app */ = {isa = PBXFileReference; explicitFileType = wrapper.application; includeInIndex = 0; path = Todoey.app; sourceTree = BUILT_PRODUCTS_DIR; };
		CE65BC2E291B692600541DC5 /* AppDelegate.swift */ = {isa = PBXFileReference; lastKnownFileType = sourcecode.swift; path = AppDelegate.swift; sourceTree = "<group>"; };
		CE65BC30291B692600541DC5 /* SceneDelegate.swift */ = {isa = PBXFileReference; lastKnownFileType = sourcecode.swift; path = SceneDelegate.swift; sourceTree = "<group>"; };
		CE65BC32291B692600541DC5 /* TodoListViewController.swift */ = {isa = PBXFileReference; lastKnownFileType = sourcecode.swift; path = TodoListViewController.swift; sourceTree = "<group>"; };
		CE65BC35291B692600541DC5 /* Base */ = {isa = PBXFileReference; lastKnownFileType = file.storyboard; name = Base; path = Base.lproj/Main.storyboard; sourceTree = "<group>"; };
		CE65BC37291B692700541DC5 /* Assets.xcassets */ = {isa = PBXFileReference; lastKnownFileType = folder.assetcatalog; path = Assets.xcassets; sourceTree = "<group>"; };
		CE65BC3A291B692700541DC5 /* Base */ = {isa = PBXFileReference; lastKnownFileType = file.storyboard; name = Base; path = Base.lproj/LaunchScreen.storyboard; sourceTree = "<group>"; };
		CE65BC3C291B692700541DC5 /* Info.plist */ = {isa = PBXFileReference; lastKnownFileType = text.plist.xml; path = Info.plist; sourceTree = "<group>"; };
		CE65BC41291B692700541DC5 /* TodoeyTests.xctest */ = {isa = PBXFileReference; explicitFileType = wrapper.cfbundle; includeInIndex = 0; path = TodoeyTests.xctest; sourceTree = BUILT_PRODUCTS_DIR; };
		CE65BC45291B692700541DC5 /* TodoeyTests.swift */ = {isa = PBXFileReference; lastKnownFileType = sourcecode.swift; path = TodoeyTests.swift; sourceTree = "<group>"; };
		CE65BC4B291B692700541DC5 /* TodoeyUITests.xctest */ = {isa = PBXFileReference; explicitFileType = wrapper.cfbundle; includeInIndex = 0; path = TodoeyUITests.xctest; sourceTree = BUILT_PRODUCTS_DIR; };
		CE65BC4F291B692700541DC5 /* TodoeyUITests.swift */ = {isa = PBXFileReference; lastKnownFileType = sourcecode.swift; path = TodoeyUITests.swift; sourceTree = "<group>"; };
		CE65BC51291B692700541DC5 /* TodoeyUITestsLaunchTests.swift */ = {isa = PBXFileReference; lastKnownFileType = sourcecode.swift; path = TodoeyUITestsLaunchTests.swift; sourceTree = "<group>"; };
		CE7FAE9C292B7B500097CBAF /* Item.swift */ = {isa = PBXFileReference; lastKnownFileType = sourcecode.swift; path = Item.swift; sourceTree = "<group>"; };
		CE7FAE9E292B7B750097CBAF /* Category.swift */ = {isa = PBXFileReference; lastKnownFileType = sourcecode.swift; path = Category.swift; sourceTree = "<group>"; };
		CE7FAEA0292CDCA10097CBAF /* SwipeTableViewController.swift */ = {isa = PBXFileReference; lastKnownFileType = sourcecode.swift; path = SwipeTableViewController.swift; sourceTree = "<group>"; };
		CEBC2ADE2927724C00313339 /* CategoryViewController.swift */ = {isa = PBXFileReference; lastKnownFileType = sourcecode.swift; path = CategoryViewController.swift; sourceTree = "<group>"; };
/* End PBXFileReference section */

/* Begin PBXFrameworksBuildPhase section */
		CE65BC28291B692600541DC5 /* Frameworks */ = {
			isa = PBXFrameworksBuildPhase;
			buildActionMask = 2147483647;
			files = (
				1CD9D93BF85FB0BAADA7C7EB /* Pods_Todoey.framework in Frameworks */,
			);
			runOnlyForDeploymentPostprocessing = 0;
		};
		CE65BC3E291B692700541DC5 /* Frameworks */ = {
			isa = PBXFrameworksBuildPhase;
			buildActionMask = 2147483647;
			files = (
				3B25C5348CDBC9016AB42E3E /* Pods_TodoeyTests.framework in Frameworks */,
			);
			runOnlyForDeploymentPostprocessing = 0;
		};
		CE65BC48291B692700541DC5 /* Frameworks */ = {
			isa = PBXFrameworksBuildPhase;
			buildActionMask = 2147483647;
			files = (
				8217C9AA6E72A9CAC30A8613 /* Pods_Todoey_TodoeyUITests.framework in Frameworks */,
			);
			runOnlyForDeploymentPostprocessing = 0;
		};
/* End PBXFrameworksBuildPhase section */

/* Begin PBXGroup section */
		AF17F5FD8FA3B856C489E680 /* Pods */ = {
			isa = PBXGroup;
			children = (
				0109F652B40A6633299652E6 /* Pods-Todoey.debug.xcconfig */,
				3ACA53072783479CC8C8C0AC /* Pods-Todoey.release.xcconfig */,
				5B80310A0048C1A03A3C8C2F /* Pods-Todoey-TodoeyUITests.debug.xcconfig */,
				A32542E8EAC753383244555E /* Pods-Todoey-TodoeyUITests.release.xcconfig */,
				034924E23A56395E6B06E7F5 /* Pods-TodoeyTests.debug.xcconfig */,
				AADC978DAA3A4DBBC0433F92 /* Pods-TodoeyTests.release.xcconfig */,
			);
			path = Pods;
			sourceTree = "<group>";
		};
		C01C8B9901D8A1A64C743DA3 /* Frameworks */ = {
			isa = PBXGroup;
			children = (
				7F555B89ACE3B33563798DD7 /* Pods_Todoey.framework */,
				8774423C444AFD43855B2808 /* Pods_Todoey_TodoeyUITests.framework */,
				03AD75674D91D005AAE43696 /* Pods_TodoeyTests.framework */,
			);
			name = Frameworks;
			sourceTree = "<group>";
		};
		CE65BC22291B692600541DC5 = {
			isa = PBXGroup;
			children = (
				CE65BC2D291B692600541DC5 /* Todoey */,
				CE65BC44291B692700541DC5 /* TodoeyTests */,
				CE65BC4E291B692700541DC5 /* TodoeyUITests */,
				CE65BC2C291B692600541DC5 /* Products */,
				AF17F5FD8FA3B856C489E680 /* Pods */,
				C01C8B9901D8A1A64C743DA3 /* Frameworks */,
			);
			sourceTree = "<group>";
		};
		CE65BC2C291B692600541DC5 /* Products */ = {
			isa = PBXGroup;
			children = (
				CE65BC2B291B692600541DC5 /* Todoey.app */,
				CE65BC41291B692700541DC5 /* TodoeyTests.xctest */,
				CE65BC4B291B692700541DC5 /* TodoeyUITests.xctest */,
			);
			name = Products;
			sourceTree = "<group>";
		};
		CE65BC2D291B692600541DC5 /* Todoey */ = {
			isa = PBXGroup;
			children = (
				CE65BC2E291B692600541DC5 /* AppDelegate.swift */,
				CE65BC30291B692600541DC5 /* SceneDelegate.swift */,
				CEBC2A50291E59D900313339 /* Controller */,
				CEBC2A4F291E59CE00313339 /* Data Model */,
				CEBC2A51291E59EC00313339 /* View */,
				CEBC2A52291E5A0200313339 /* Supporting Files */,
				CE65BC3C291B692700541DC5 /* Info.plist */,
			);
			path = Todoey;
			sourceTree = "<group>";
		};
		CE65BC44291B692700541DC5 /* TodoeyTests */ = {
			isa = PBXGroup;
			children = (
				CE65BC45291B692700541DC5 /* TodoeyTests.swift */,
			);
			path = TodoeyTests;
			sourceTree = "<group>";
		};
		CE65BC4E291B692700541DC5 /* TodoeyUITests */ = {
			isa = PBXGroup;
			children = (
				CE65BC4F291B692700541DC5 /* TodoeyUITests.swift */,
				CE65BC51291B692700541DC5 /* TodoeyUITestsLaunchTests.swift */,
			);
			path = TodoeyUITests;
			sourceTree = "<group>";
		};
		CEBC2A4F291E59CE00313339 /* Data Model */ = {
			isa = PBXGroup;
			children = (
				CE7FAE9C292B7B500097CBAF /* Item.swift */,
				CE7FAE9E292B7B750097CBAF /* Category.swift */,
			);
			path = "Data Model";
			sourceTree = "<group>";
		};
		CEBC2A50291E59D900313339 /* Controller */ = {
			isa = PBXGroup;
			children = (
				CEBC2ADE2927724C00313339 /* CategoryViewController.swift */,
				CE65BC32291B692600541DC5 /* TodoListViewController.swift */,
				CE7FAEA0292CDCA10097CBAF /* SwipeTableViewController.swift */,
			);
			path = Controller;
			sourceTree = "<group>";
		};
		CEBC2A51291E59EC00313339 /* View */ = {
			isa = PBXGroup;
			children = (
				CE65BC34291B692600541DC5 /* Main.storyboard */,
			);
			path = View;
			sourceTree = "<group>";
		};
		CEBC2A52291E5A0200313339 /* Supporting Files */ = {
			isa = PBXGroup;
			children = (
				CE65BC37291B692700541DC5 /* Assets.xcassets */,
				CE65BC39291B692700541DC5 /* LaunchScreen.storyboard */,
			);
			path = "Supporting Files";
			sourceTree = "<group>";
		};
/* End PBXGroup section */

/* Begin PBXNativeTarget section */
		CE65BC2A291B692600541DC5 /* Todoey */ = {
			isa = PBXNativeTarget;
			buildConfigurationList = CE65BC55291B692700541DC5 /* Build configuration list for PBXNativeTarget "Todoey" */;
			buildPhases = (
				E67259D3D0504C766D2E9E7D /* [CP] Check Pods Manifest.lock */,
				CE65BC27291B692600541DC5 /* Sources */,
				CE65BC28291B692600541DC5 /* Frameworks */,
				CE65BC29291B692600541DC5 /* Resources */,
				74F59113E3AFDE5E797517DB /* [CP] Embed Pods Frameworks */,
			);
			buildRules = (
			);
			dependencies = (
			);
			name = Todoey;
			productName = Todoey;
			productReference = CE65BC2B291B692600541DC5 /* Todoey.app */;
			productType = "com.apple.product-type.application";
		};
		CE65BC40291B692700541DC5 /* TodoeyTests */ = {
			isa = PBXNativeTarget;
			buildConfigurationList = CE65BC58291B692700541DC5 /* Build configuration list for PBXNativeTarget "TodoeyTests" */;
			buildPhases = (
				360A71151239F9F556F2ED1F /* [CP] Check Pods Manifest.lock */,
				CE65BC3D291B692700541DC5 /* Sources */,
				CE65BC3E291B692700541DC5 /* Frameworks */,
				CE65BC3F291B692700541DC5 /* Resources */,
			);
			buildRules = (
			);
			dependencies = (
				CE65BC43291B692700541DC5 /* PBXTargetDependency */,
			);
			name = TodoeyTests;
			productName = TodoeyTests;
			productReference = CE65BC41291B692700541DC5 /* TodoeyTests.xctest */;
			productType = "com.apple.product-type.bundle.unit-test";
		};
		CE65BC4A291B692700541DC5 /* TodoeyUITests */ = {
			isa = PBXNativeTarget;
			buildConfigurationList = CE65BC5B291B692700541DC5 /* Build configuration list for PBXNativeTarget "TodoeyUITests" */;
			buildPhases = (
				B8F5BDA541A11359451E453B /* [CP] Check Pods Manifest.lock */,
				CE65BC47291B692700541DC5 /* Sources */,
				CE65BC48291B692700541DC5 /* Frameworks */,
				CE65BC49291B692700541DC5 /* Resources */,
				AC5073CADD6399EAB7B0B6B5 /* [CP] Embed Pods Frameworks */,
			);
			buildRules = (
			);
			dependencies = (
				CE65BC4D291B692700541DC5 /* PBXTargetDependency */,
			);
			name = TodoeyUITests;
			productName = TodoeyUITests;
			productReference = CE65BC4B291B692700541DC5 /* TodoeyUITests.xctest */;
			productType = "com.apple.product-type.bundle.ui-testing";
		};
/* End PBXNativeTarget section */

/* Begin PBXProject section */
		CE65BC23291B692600541DC5 /* Project object */ = {
			isa = PBXProject;
			attributes = {
				BuildIndependentTargetsInParallel = 1;
				LastSwiftUpdateCheck = 1400;
				LastUpgradeCheck = 1400;
				TargetAttributes = {
					CE65BC2A291B692600541DC5 = {
						CreatedOnToolsVersion = 14.0.1;
					};
					CE65BC40291B692700541DC5 = {
						CreatedOnToolsVersion = 14.0.1;
						TestTargetID = CE65BC2A291B692600541DC5;
					};
					CE65BC4A291B692700541DC5 = {
						CreatedOnToolsVersion = 14.0.1;
						TestTargetID = CE65BC2A291B692600541DC5;
					};
				};
			};
			buildConfigurationList = CE65BC26291B692600541DC5 /* Build configuration list for PBXProject "Todoey" */;
			compatibilityVersion = "Xcode 14.0";
			developmentRegion = en;
			hasScannedForEncodings = 0;
			knownRegions = (
				en,
				Base,
			);
			mainGroup = CE65BC22291B692600541DC5;
			productRefGroup = CE65BC2C291B692600541DC5 /* Products */;
			projectDirPath = "";
			projectRoot = "";
			targets = (
				CE65BC2A291B692600541DC5 /* Todoey */,
				CE65BC40291B692700541DC5 /* TodoeyTests */,
				CE65BC4A291B692700541DC5 /* TodoeyUITests */,
			);
		};
/* End PBXProject section */

/* Begin PBXResourcesBuildPhase section */
		CE65BC29291B692600541DC5 /* Resources */ = {
			isa = PBXResourcesBuildPhase;
			buildActionMask = 2147483647;
			files = (
				CE65BC3B291B692700541DC5 /* LaunchScreen.storyboard in Resources */,
				CE65BC38291B692700541DC5 /* Assets.xcassets in Resources */,
				CE65BC36291B692600541DC5 /* Main.storyboard in Resources */,
			);
			runOnlyForDeploymentPostprocessing = 0;
		};
		CE65BC3F291B692700541DC5 /* Resources */ = {
			isa = PBXResourcesBuildPhase;
			buildActionMask = 2147483647;
			files = (
			);
			runOnlyForDeploymentPostprocessing = 0;
		};
		CE65BC49291B692700541DC5 /* Resources */ = {
			isa = PBXResourcesBuildPhase;
			buildActionMask = 2147483647;
			files = (
			);
			runOnlyForDeploymentPostprocessing = 0;
		};
/* End PBXResourcesBuildPhase section */

/* Begin PBXShellScriptBuildPhase section */
		360A71151239F9F556F2ED1F /* [CP] Check Pods Manifest.lock */ = {
			isa = PBXShellScriptBuildPhase;
			buildActionMask = 2147483647;
			files = (
			);
			inputFileListPaths = (
			);
			inputPaths = (
				"${PODS_PODFILE_DIR_PATH}/Podfile.lock",
				"${PODS_ROOT}/Manifest.lock",
			);
			name = "[CP] Check Pods Manifest.lock";
			outputFileListPaths = (
			);
			outputPaths = (
				"$(DERIVED_FILE_DIR)/Pods-TodoeyTests-checkManifestLockResult.txt",
			);
			runOnlyForDeploymentPostprocessing = 0;
			shellPath = /bin/sh;
			shellScript = "diff \"${PODS_PODFILE_DIR_PATH}/Podfile.lock\" \"${PODS_ROOT}/Manifest.lock\" > /dev/null\nif [ $? != 0 ] ; then\n    # print error to STDERR\n    echo \"error: The sandbox is not in sync with the Podfile.lock. Run 'pod install' or update your CocoaPods installation.\" >&2\n    exit 1\nfi\n# This output is used by Xcode 'outputs' to avoid re-running this script phase.\necho \"SUCCESS\" > \"${SCRIPT_OUTPUT_FILE_0}\"\n";
			showEnvVarsInLog = 0;
		};
		74F59113E3AFDE5E797517DB /* [CP] Embed Pods Frameworks */ = {
			isa = PBXShellScriptBuildPhase;
			buildActionMask = 2147483647;
			files = (
			);
			inputFileListPaths = (
				"${PODS_ROOT}/Target Support Files/Pods-Todoey/Pods-Todoey-frameworks-${CONFIGURATION}-input-files.xcfilelist",
			);
			name = "[CP] Embed Pods Frameworks";
			outputFileListPaths = (
				"${PODS_ROOT}/Target Support Files/Pods-Todoey/Pods-Todoey-frameworks-${CONFIGURATION}-output-files.xcfilelist",
			);
			runOnlyForDeploymentPostprocessing = 0;
			shellPath = /bin/sh;
			shellScript = "\"${PODS_ROOT}/Target Support Files/Pods-Todoey/Pods-Todoey-frameworks.sh\"\n";
			showEnvVarsInLog = 0;
		};
		AC5073CADD6399EAB7B0B6B5 /* [CP] Embed Pods Frameworks */ = {
			isa = PBXShellScriptBuildPhase;
			buildActionMask = 2147483647;
			files = (
			);
			inputFileListPaths = (
				"${PODS_ROOT}/Target Support Files/Pods-Todoey-TodoeyUITests/Pods-Todoey-TodoeyUITests-frameworks-${CONFIGURATION}-input-files.xcfilelist",
			);
			name = "[CP] Embed Pods Frameworks";
			outputFileListPaths = (
				"${PODS_ROOT}/Target Support Files/Pods-Todoey-TodoeyUITests/Pods-Todoey-TodoeyUITests-frameworks-${CONFIGURATION}-output-files.xcfilelist",
			);
			runOnlyForDeploymentPostprocessing = 0;
			shellPath = /bin/sh;
			shellScript = "\"${PODS_ROOT}/Target Support Files/Pods-Todoey-TodoeyUITests/Pods-Todoey-TodoeyUITests-frameworks.sh\"\n";
			showEnvVarsInLog = 0;
		};
		B8F5BDA541A11359451E453B /* [CP] Check Pods Manifest.lock */ = {
			isa = PBXShellScriptBuildPhase;
			buildActionMask = 2147483647;
			files = (
			);
			inputFileListPaths = (
			);
			inputPaths = (
				"${PODS_PODFILE_DIR_PATH}/Podfile.lock",
				"${PODS_ROOT}/Manifest.lock",
			);
			name = "[CP] Check Pods Manifest.lock";
			outputFileListPaths = (
			);
			outputPaths = (
				"$(DERIVED_FILE_DIR)/Pods-Todoey-TodoeyUITests-checkManifestLockResult.txt",
			);
			runOnlyForDeploymentPostprocessing = 0;
			shellPath = /bin/sh;
			shellScript = "diff \"${PODS_PODFILE_DIR_PATH}/Podfile.lock\" \"${PODS_ROOT}/Manifest.lock\" > /dev/null\nif [ $? != 0 ] ; then\n    # print error to STDERR\n    echo \"error: The sandbox is not in sync with the Podfile.lock. Run 'pod install' or update your CocoaPods installation.\" >&2\n    exit 1\nfi\n# This output is used by Xcode 'outputs' to avoid re-running this script phase.\necho \"SUCCESS\" > \"${SCRIPT_OUTPUT_FILE_0}\"\n";
			showEnvVarsInLog = 0;
		};
		E67259D3D0504C766D2E9E7D /* [CP] Check Pods Manifest.lock */ = {
			isa = PBXShellScriptBuildPhase;
			buildActionMask = 2147483647;
			files = (
			);
			inputFileListPaths = (
			);
			inputPaths = (
				"${PODS_PODFILE_DIR_PATH}/Podfile.lock",
				"${PODS_ROOT}/Manifest.lock",
			);
			name = "[CP] Check Pods Manifest.lock";
			outputFileListPaths = (
			);
			outputPaths = (
				"$(DERIVED_FILE_DIR)/Pods-Todoey-checkManifestLockResult.txt",
			);
			runOnlyForDeploymentPostprocessing = 0;
			shellPath = /bin/sh;
			shellScript = "diff \"${PODS_PODFILE_DIR_PATH}/Podfile.lock\" \"${PODS_ROOT}/Manifest.lock\" > /dev/null\nif [ $? != 0 ] ; then\n    # print error to STDERR\n    echo \"error: The sandbox is not in sync with the Podfile.lock. Run 'pod install' or update your CocoaPods installation.\" >&2\n    exit 1\nfi\n# This output is used by Xcode 'outputs' to avoid re-running this script phase.\necho \"SUCCESS\" > \"${SCRIPT_OUTPUT_FILE_0}\"\n";
			showEnvVarsInLog = 0;
		};
/* End PBXShellScriptBuildPhase section */

/* Begin PBXSourcesBuildPhase section */
		CE65BC27291B692600541DC5 /* Sources */ = {
			isa = PBXSourcesBuildPhase;
			buildActionMask = 2147483647;
			files = (
				CEBC2ADF2927724C00313339 /* CategoryViewController.swift in Sources */,
				CE65BC33291B692600541DC5 /* TodoListViewController.swift in Sources */,
				CE65BC2F291B692600541DC5 /* AppDelegate.swift in Sources */,
				CE7FAEA1292CDCA10097CBAF /* SwipeTableViewController.swift in Sources */,
				CE7FAE9D292B7B500097CBAF /* Item.swift in Sources */,
				CE65BC31291B692600541DC5 /* SceneDelegate.swift in Sources */,
				CE7FAE9F292B7B750097CBAF /* Category.swift in Sources */,
			);
			runOnlyForDeploymentPostprocessing = 0;
		};
		CE65BC3D291B692700541DC5 /* Sources */ = {
			isa = PBXSourcesBuildPhase;
			buildActionMask = 2147483647;
			files = (
				CE65BC46291B692700541DC5 /* TodoeyTests.swift in Sources */,
			);
			runOnlyForDeploymentPostprocessing = 0;
		};
		CE65BC47291B692700541DC5 /* Sources */ = {
			isa = PBXSourcesBuildPhase;
			buildActionMask = 2147483647;
			files = (
				CE65BC52291B692700541DC5 /* TodoeyUITestsLaunchTests.swift in Sources */,
				CE65BC50291B692700541DC5 /* TodoeyUITests.swift in Sources */,
			);
			runOnlyForDeploymentPostprocessing = 0;
		};
/* End PBXSourcesBuildPhase section */

/* Begin PBXTargetDependency section */
		CE65BC43291B692700541DC5 /* PBXTargetDependency */ = {
			isa = PBXTargetDependency;
			target = CE65BC2A291B692600541DC5 /* Todoey */;
			targetProxy = CE65BC42291B692700541DC5 /* PBXContainerItemProxy */;
		};
		CE65BC4D291B692700541DC5 /* PBXTargetDependency */ = {
			isa = PBXTargetDependency;
			target = CE65BC2A291B692600541DC5 /* Todoey */;
			targetProxy = CE65BC4C291B692700541DC5 /* PBXContainerItemProxy */;
		};
/* End PBXTargetDependency section */

/* Begin PBXVariantGroup section */
		CE65BC34291B692600541DC5 /* Main.storyboard */ = {
			isa = PBXVariantGroup;
			children = (
				CE65BC35291B692600541DC5 /* Base */,
			);
			name = Main.storyboard;
			sourceTree = "<group>";
		};
		CE65BC39291B692700541DC5 /* LaunchScreen.storyboard */ = {
			isa = PBXVariantGroup;
			children = (
				CE65BC3A291B692700541DC5 /* Base */,
			);
			name = LaunchScreen.storyboard;
			sourceTree = "<group>";
		};
/* End PBXVariantGroup section */

/* Begin XCBuildConfiguration section */
		CE65BC53291B692700541DC5 /* Debug */ = {
			isa = XCBuildConfiguration;
			buildSettings = {
				ALWAYS_SEARCH_USER_PATHS = NO;
				CLANG_ANALYZER_NONNULL = YES;
				CLANG_ANALYZER_NUMBER_OBJECT_CONVERSION = YES_AGGRESSIVE;
				CLANG_CXX_LANGUAGE_STANDARD = "gnu++20";
				CLANG_ENABLE_MODULES = YES;
				CLANG_ENABLE_OBJC_ARC = YES;
				CLANG_ENABLE_OBJC_WEAK = YES;
				CLANG_WARN_BLOCK_CAPTURE_AUTORELEASING = YES;
				CLANG_WARN_BOOL_CONVERSION = YES;
				CLANG_WARN_COMMA = YES;
				CLANG_WARN_CONSTANT_CONVERSION = YES;
				CLANG_WARN_DEPRECATED_OBJC_IMPLEMENTATIONS = YES;
				CLANG_WARN_DIRECT_OBJC_ISA_USAGE = YES_ERROR;
				CLANG_WARN_DOCUMENTATION_COMMENTS = YES;
				CLANG_WARN_EMPTY_BODY = YES;
				CLANG_WARN_ENUM_CONVERSION = YES;
				CLANG_WARN_INFINITE_RECURSION = YES;
				CLANG_WARN_INT_CONVERSION = YES;
				CLANG_WARN_NON_LITERAL_NULL_CONVERSION = YES;
				CLANG_WARN_OBJC_IMPLICIT_RETAIN_SELF = YES;
				CLANG_WARN_OBJC_LITERAL_CONVERSION = YES;
				CLANG_WARN_OBJC_ROOT_CLASS = YES_ERROR;
				CLANG_WARN_QUOTED_INCLUDE_IN_FRAMEWORK_HEADER = YES;
				CLANG_WARN_RANGE_LOOP_ANALYSIS = YES;
				CLANG_WARN_STRICT_PROTOTYPES = YES;
				CLANG_WARN_SUSPICIOUS_MOVE = YES;
				CLANG_WARN_UNGUARDED_AVAILABILITY = YES_AGGRESSIVE;
				CLANG_WARN_UNREACHABLE_CODE = YES;
				CLANG_WARN__DUPLICATE_METHOD_MATCH = YES;
				COPY_PHASE_STRIP = NO;
				DEBUG_INFORMATION_FORMAT = dwarf;
				ENABLE_STRICT_OBJC_MSGSEND = YES;
				ENABLE_TESTABILITY = YES;
				GCC_C_LANGUAGE_STANDARD = gnu11;
				GCC_DYNAMIC_NO_PIC = NO;
				GCC_NO_COMMON_BLOCKS = YES;
				GCC_OPTIMIZATION_LEVEL = 0;
				GCC_PREPROCESSOR_DEFINITIONS = (
					"DEBUG=1",
					"$(inherited)",
				);
				GCC_WARN_64_TO_32_BIT_CONVERSION = YES;
				GCC_WARN_ABOUT_RETURN_TYPE = YES_ERROR;
				GCC_WARN_UNDECLARED_SELECTOR = YES;
				GCC_WARN_UNINITIALIZED_AUTOS = YES_AGGRESSIVE;
				GCC_WARN_UNUSED_FUNCTION = YES;
				GCC_WARN_UNUSED_VARIABLE = YES;
				IPHONEOS_DEPLOYMENT_TARGET = 16.0;
				MTL_ENABLE_DEBUG_INFO = INCLUDE_SOURCE;
				MTL_FAST_MATH = YES;
				ONLY_ACTIVE_ARCH = YES;
				SDKROOT = iphoneos;
				SWIFT_ACTIVE_COMPILATION_CONDITIONS = DEBUG;
				SWIFT_OPTIMIZATION_LEVEL = "-Onone";
			};
			name = Debug;
		};
		CE65BC54291B692700541DC5 /* Release */ = {
			isa = XCBuildConfiguration;
			buildSettings = {
				ALWAYS_SEARCH_USER_PATHS = NO;
				CLANG_ANALYZER_NONNULL = YES;
				CLANG_ANALYZER_NUMBER_OBJECT_CONVERSION = YES_AGGRESSIVE;
				CLANG_CXX_LANGUAGE_STANDARD = "gnu++20";
				CLANG_ENABLE_MODULES = YES;
				CLANG_ENABLE_OBJC_ARC = YES;
				CLANG_ENABLE_OBJC_WEAK = YES;
				CLANG_WARN_BLOCK_CAPTURE_AUTORELEASING = YES;
				CLANG_WARN_BOOL_CONVERSION = YES;
				CLANG_WARN_COMMA = YES;
				CLANG_WARN_CONSTANT_CONVERSION = YES;
				CLANG_WARN_DEPRECATED_OBJC_IMPLEMENTATIONS = YES;
				CLANG_WARN_DIRECT_OBJC_ISA_USAGE = YES_ERROR;
				CLANG_WARN_DOCUMENTATION_COMMENTS = YES;
				CLANG_WARN_EMPTY_BODY = YES;
				CLANG_WARN_ENUM_CONVERSION = YES;
				CLANG_WARN_INFINITE_RECURSION = YES;
				CLANG_WARN_INT_CONVERSION = YES;
				CLANG_WARN_NON_LITERAL_NULL_CONVERSION = YES;
				CLANG_WARN_OBJC_IMPLICIT_RETAIN_SELF = YES;
				CLANG_WARN_OBJC_LITERAL_CONVERSION = YES;
				CLANG_WARN_OBJC_ROOT_CLASS = YES_ERROR;
				CLANG_WARN_QUOTED_INCLUDE_IN_FRAMEWORK_HEADER = YES;
				CLANG_WARN_RANGE_LOOP_ANALYSIS = YES;
				CLANG_WARN_STRICT_PROTOTYPES = YES;
				CLANG_WARN_SUSPICIOUS_MOVE = YES;
				CLANG_WARN_UNGUARDED_AVAILABILITY = YES_AGGRESSIVE;
				CLANG_WARN_UNREACHABLE_CODE = YES;
				CLANG_WARN__DUPLICATE_METHOD_MATCH = YES;
				COPY_PHASE_STRIP = NO;
				DEBUG_INFORMATION_FORMAT = "dwarf-with-dsym";
				ENABLE_NS_ASSERTIONS = NO;
				ENABLE_STRICT_OBJC_MSGSEND = YES;
				GCC_C_LANGUAGE_STANDARD = gnu11;
				GCC_NO_COMMON_BLOCKS = YES;
				GCC_WARN_64_TO_32_BIT_CONVERSION = YES;
				GCC_WARN_ABOUT_RETURN_TYPE = YES_ERROR;
				GCC_WARN_UNDECLARED_SELECTOR = YES;
				GCC_WARN_UNINITIALIZED_AUTOS = YES_AGGRESSIVE;
				GCC_WARN_UNUSED_FUNCTION = YES;
				GCC_WARN_UNUSED_VARIABLE = YES;
				IPHONEOS_DEPLOYMENT_TARGET = 16.0;
				MTL_ENABLE_DEBUG_INFO = NO;
				MTL_FAST_MATH = YES;
				SDKROOT = iphoneos;
				SWIFT_COMPILATION_MODE = wholemodule;
				SWIFT_OPTIMIZATION_LEVEL = "-O";
				VALIDATE_PRODUCT = YES;
			};
			name = Release;
		};
		CE65BC56291B692700541DC5 /* Debug */ = {
			isa = XCBuildConfiguration;
			baseConfigurationReference = 0109F652B40A6633299652E6 /* Pods-Todoey.debug.xcconfig */;
			buildSettings = {
				ASSETCATALOG_COMPILER_APPICON_NAME = AppIcon;
				ASSETCATALOG_COMPILER_GLOBAL_ACCENT_COLOR_NAME = AccentColor;
				CODE_SIGN_STYLE = Automatic;
				CURRENT_PROJECT_VERSION = 1;
				GENERATE_INFOPLIST_FILE = YES;
				INFOPLIST_FILE = Todoey/Info.plist;
				INFOPLIST_KEY_UIApplicationSupportsIndirectInputEvents = YES;
				INFOPLIST_KEY_UILaunchStoryboardName = LaunchScreen;
				INFOPLIST_KEY_UIMainStoryboardFile = Main;
				INFOPLIST_KEY_UISupportedInterfaceOrientations_iPad = "UIInterfaceOrientationPortrait UIInterfaceOrientationPortraitUpsideDown UIInterfaceOrientationLandscapeLeft UIInterfaceOrientationLandscapeRight";
				INFOPLIST_KEY_UISupportedInterfaceOrientations_iPhone = "UIInterfaceOrientationPortrait UIInterfaceOrientationLandscapeLeft UIInterfaceOrientationLandscapeRight";
				LD_RUNPATH_SEARCH_PATHS = (
					"$(inherited)",
					"@executable_path/Frameworks",
				);
				MARKETING_VERSION = 1.0;
				PRODUCT_BUNDLE_IDENTIFIER = com.Persistent.Todoey;
				PRODUCT_NAME = "$(TARGET_NAME)";
				SWIFT_EMIT_LOC_STRINGS = YES;
				SWIFT_VERSION = 5.0;
				TARGETED_DEVICE_FAMILY = "1,2";
			};
			name = Debug;
		};
		CE65BC57291B692700541DC5 /* Release */ = {
			isa = XCBuildConfiguration;
			baseConfigurationReference = 3ACA53072783479CC8C8C0AC /* Pods-Todoey.release.xcconfig */;
			buildSettings = {
				ASSETCATALOG_COMPILER_APPICON_NAME = AppIcon;
				ASSETCATALOG_COMPILER_GLOBAL_ACCENT_COLOR_NAME = AccentColor;
				CODE_SIGN_STYLE = Automatic;
				CURRENT_PROJECT_VERSION = 1;
				GENERATE_INFOPLIST_FILE = YES;
				INFOPLIST_FILE = Todoey/Info.plist;
				INFOPLIST_KEY_UIApplicationSupportsIndirectInputEvents = YES;
				INFOPLIST_KEY_UILaunchStoryboardName = LaunchScreen;
				INFOPLIST_KEY_UIMainStoryboardFile = Main;
				INFOPLIST_KEY_UISupportedInterfaceOrientations_iPad = "UIInterfaceOrientationPortrait UIInterfaceOrientationPortraitUpsideDown UIInterfaceOrientationLandscapeLeft UIInterfaceOrientationLandscapeRight";
				INFOPLIST_KEY_UISupportedInterfaceOrientations_iPhone = "UIInterfaceOrientationPortrait UIInterfaceOrientationLandscapeLeft UIInterfaceOrientationLandscapeRight";
				LD_RUNPATH_SEARCH_PATHS = (
					"$(inherited)",
					"@executable_path/Frameworks",
				);
				MARKETING_VERSION = 1.0;
				PRODUCT_BUNDLE_IDENTIFIER = com.Persistent.Todoey;
				PRODUCT_NAME = "$(TARGET_NAME)";
				SWIFT_EMIT_LOC_STRINGS = YES;
				SWIFT_VERSION = 5.0;
				TARGETED_DEVICE_FAMILY = "1,2";
			};
			name = Release;
		};
		CE65BC59291B692700541DC5 /* Debug */ = {
			isa = XCBuildConfiguration;
			baseConfigurationReference = 034924E23A56395E6B06E7F5 /* Pods-TodoeyTests.debug.xcconfig */;
			buildSettings = {
				ALWAYS_EMBED_SWIFT_STANDARD_LIBRARIES = YES;
				BUNDLE_LOADER = "$(TEST_HOST)";
				CODE_SIGN_STYLE = Automatic;
				CURRENT_PROJECT_VERSION = 1;
				GENERATE_INFOPLIST_FILE = YES;
				IPHONEOS_DEPLOYMENT_TARGET = 16.0;
				MARKETING_VERSION = 1.0;
				PRODUCT_BUNDLE_IDENTIFIER = com.Persistent.TodoeyTests;
				PRODUCT_NAME = "$(TARGET_NAME)";
				SWIFT_EMIT_LOC_STRINGS = NO;
				SWIFT_VERSION = 5.0;
				TARGETED_DEVICE_FAMILY = "1,2";
				TEST_HOST = "$(BUILT_PRODUCTS_DIR)/Todoey.app/$(BUNDLE_EXECUTABLE_FOLDER_PATH)/Todoey";
			};
			name = Debug;
		};
		CE65BC5A291B692700541DC5 /* Release */ = {
			isa = XCBuildConfiguration;
			baseConfigurationReference = AADC978DAA3A4DBBC0433F92 /* Pods-TodoeyTests.release.xcconfig */;
			buildSettings = {
				ALWAYS_EMBED_SWIFT_STANDARD_LIBRARIES = YES;
				BUNDLE_LOADER = "$(TEST_HOST)";
				CODE_SIGN_STYLE = Automatic;
				CURRENT_PROJECT_VERSION = 1;
				GENERATE_INFOPLIST_FILE = YES;
				IPHONEOS_DEPLOYMENT_TARGET = 16.0;
				MARKETING_VERSION = 1.0;
				PRODUCT_BUNDLE_IDENTIFIER = com.Persistent.TodoeyTests;
				PRODUCT_NAME = "$(TARGET_NAME)";
				SWIFT_EMIT_LOC_STRINGS = NO;
				SWIFT_VERSION = 5.0;
				TARGETED_DEVICE_FAMILY = "1,2";
				TEST_HOST = "$(BUILT_PRODUCTS_DIR)/Todoey.app/$(BUNDLE_EXECUTABLE_FOLDER_PATH)/Todoey";
			};
			name = Release;
		};
		CE65BC5C291B692700541DC5 /* Debug */ = {
			isa = XCBuildConfiguration;
			baseConfigurationReference = 5B80310A0048C1A03A3C8C2F /* Pods-Todoey-TodoeyUITests.debug.xcconfig */;
			buildSettings = {
				ALWAYS_EMBED_SWIFT_STANDARD_LIBRARIES = YES;
				CODE_SIGN_STYLE = Automatic;
				CURRENT_PROJECT_VERSION = 1;
				GENERATE_INFOPLIST_FILE = YES;
				MARKETING_VERSION = 1.0;
				PRODUCT_BUNDLE_IDENTIFIER = com.Persistent.TodoeyUITests;
				PRODUCT_NAME = "$(TARGET_NAME)";
				SWIFT_EMIT_LOC_STRINGS = NO;
				SWIFT_VERSION = 5.0;
				TARGETED_DEVICE_FAMILY = "1,2";
				TEST_TARGET_NAME = Todoey;
			};
			name = Debug;
		};
		CE65BC5D291B692700541DC5 /* Release */ = {
			isa = XCBuildConfiguration;
			baseConfigurationReference = A32542E8EAC753383244555E /* Pods-Todoey-TodoeyUITests.release.xcconfig */;
			buildSettings = {
				ALWAYS_EMBED_SWIFT_STANDARD_LIBRARIES = YES;
				CODE_SIGN_STYLE = Automatic;
				CURRENT_PROJECT_VERSION = 1;
				GENERATE_INFOPLIST_FILE = YES;
				MARKETING_VERSION = 1.0;
				PRODUCT_BUNDLE_IDENTIFIER = com.Persistent.TodoeyUITests;
				PRODUCT_NAME = "$(TARGET_NAME)";
				SWIFT_EMIT_LOC_STRINGS = NO;
				SWIFT_VERSION = 5.0;
				TARGETED_DEVICE_FAMILY = "1,2";
				TEST_TARGET_NAME = Todoey;
			};
			name = Release;
		};
/* End XCBuildConfiguration section */

/* Begin XCConfigurationList section */
		CE65BC26291B692600541DC5 /* Build configuration list for PBXProject "Todoey" */ = {
			isa = XCConfigurationList;
			buildConfigurations = (
				CE65BC53291B692700541DC5 /* Debug */,
				CE65BC54291B692700541DC5 /* Release */,
			);
			defaultConfigurationIsVisible = 0;
			defaultConfigurationName = Release;
		};
		CE65BC55291B692700541DC5 /* Build configuration list for PBXNativeTarget "Todoey" */ = {
			isa = XCConfigurationList;
			buildConfigurations = (
				CE65BC56291B692700541DC5 /* Debug */,
				CE65BC57291B692700541DC5 /* Release */,
			);
			defaultConfigurationIsVisible = 0;
			defaultConfigurationName = Release;
		};
		CE65BC58291B692700541DC5 /* Build configuration list for PBXNativeTarget "TodoeyTests" */ = {
			isa = XCConfigurationList;
			buildConfigurations = (
				CE65BC59291B692700541DC5 /* Debug */,
				CE65BC5A291B692700541DC5 /* Release */,
			);
			defaultConfigurationIsVisible = 0;
			defaultConfigurationName = Release;
		};
		CE65BC5B291B692700541DC5 /* Build configuration list for PBXNativeTarget "TodoeyUITests" */ = {
			isa = XCConfigurationList;
			buildConfigurations = (
				CE65BC5C291B692700541DC5 /* Debug */,
				CE65BC5D291B692700541DC5 /* Release */,
			);
			defaultConfigurationIsVisible = 0;
			defaultConfigurationName = Release;
		};
/* End XCConfigurationList section */
	};
	rootObject = CE65BC23291B692600541DC5 /* Project object */;
}
